
Microsoft Visual Studio Solution File, Format Version 12.00
# Visual Studio Version 16
VisualStudioVersion = 16.0.30611.23
MinimumVisualStudioVersion = 10.0.40219.1
Project("{00D1A9C2-B5F0-4AF3-8072-F6C62B433612}") = "DW_SUCOS", "DW_SUCOS.sqlproj", "{7ABA76EE-A763-4B67-9CB2-1E1AB3F17EA4}"
EndProject
Project("{159641D6-6404-4A2A-AE62-294DE0FE8301}") = "CargaDatawarehouse", "..\CargaDatawarehouse\CargaDatawarehouse.dtproj", "{FB146493-5377-4855-9DBA-183C5FEAAFAD}"
EndProject
Global
	GlobalSection(SolutionConfigurationPlatforms) = preSolution
		Debug|Any CPU = Debug|Any CPU
		Development|Any CPU = Development|Any CPU
		Release|Any CPU = Release|Any CPU
	EndGlobalSection
	GlobalSection(ProjectConfigurationPlatforms) = postSolution
		{7ABA76EE-A763-4B67-9CB2-1E1AB3F17EA4}.Debug|Any CPU.ActiveCfg = Debug|Any CPU
		{7ABA76EE-A763-4B67-9CB2-1E1AB3F17EA4}.Debug|Any CPU.Build.0 = Debug|Any CPU
		{7ABA76EE-A763-4B67-9CB2-1E1AB3F17EA4}.Debug|Any CPU.Deploy.0 = Debug|Any CPU
		{7ABA76EE-A763-4B67-9CB2-1E1AB3F17EA4}.Development|Any CPU.ActiveCfg = Debug|Any CPU
		{7ABA76EE-A763-4B67-9CB2-1E1AB3F17EA4}.Development|Any CPU.Build.0 = Debug|Any CPU
		{7ABA76EE-A763-4B67-9CB2-1E1AB3F17EA4}.Development|Any CPU.Deploy.0 = Debug|Any CPU
		{7ABA76EE-A763-4B67-9CB2-1E1AB3F17EA4}.Release|Any CPU.ActiveCfg = Release|Any CPU
		{7ABA76EE-A763-4B67-9CB2-1E1AB3F17EA4}.Release|Any CPU.Build.0 = Release|Any CPU
		{7ABA76EE-A763-4B67-9CB2-1E1AB3F17EA4}.Release|Any CPU.Deploy.0 = Release|Any CPU
		{FB146493-5377-4855-9DBA-183C5FEAAFAD}.Debug|Any CPU.ActiveCfg = Development
		{FB146493-5377-4855-9DBA-183C5FEAAFAD}.Debug|Any CPU.Build.0 = Development
		{FB146493-5377-4855-9DBA-183C5FEAAFAD}.Development|Any CPU.ActiveCfg = Development
		{FB146493-5377-4855-9DBA-183C5FEAAFAD}.Development|Any CPU.Build.0 = Development
		{FB146493-5377-4855-9DBA-183C5FEAAFAD}.Release|Any CPU.ActiveCfg = Development
		{FB146493-5377-4855-9DBA-183C5FEAAFAD}.Release|Any CPU.Build.0 = Development
	EndGlobalSection
	GlobalSection(SolutionProperties) = preSolution
		HideSolutionNode = FALSE
	EndGlobalSection
	GlobalSection(ExtensibilityGlobals) = postSolution
		SolutionGuid = {4E0A4050-8F61-43D6-B969-F7D75EE8A6E7}
	EndGlobalSection
EndGlobal
